
Microsoft Visual Studio Solution File, Format Version 12.00
# Visual Studio 15
VisualStudioVersion = 15.0.28307.852
MinimumVisualStudioVersion = 10.0.40219.1
Project("{FAE04EC0-301F-11D3-BF4B-00C04F79EFBC}") = "Lab5", "Lab5\Lab5.csproj", "{DD6ED022-1FED-4D9F-9003-9C3C7596E8A2}"
EndProject
Global
	GlobalSection(SolutionConfigurationPlatforms) = preSolution
		Debug|Any CPU = Debug|Any CPU
		Release|Any CPU = Release|Any CPU
	EndGlobalSection
	GlobalSection(ProjectConfigurationPlatforms) = postSolution
		{DD6ED022-1FED-4D9F-9003-9C3C7596E8A2}.Debug|Any CPU.ActiveCfg = Debug|Any CPU
		{DD6ED022-1FED-4D9F-9003-9C3C7596E8A2}.Debug|Any CPU.Build.0 = Debug|Any CPU
		{DD6ED022-1FED-4D9F-9003-9C3C7596E8A2}.Release|Any CPU.ActiveCfg = Release|Any CPU
		{DD6ED022-1FED-4D9F-9003-9C3C7596E8A2}.Release|Any CPU.Build.0 = Release|Any CPU
	EndGlobalSection
	GlobalSection(SolutionProperties) = preSolution
		HideSolutionNode = FALSE
	EndGlobalSection
	GlobalSection(ExtensibilityGlobals) = postSolution
		SolutionGuid = {FD414C07-947C-452A-9B39-B7AECD20B268}
	EndGlobalSection
EndGlobal
